// !$*UTF8*$!
{
	archiveVersion = 1;
	classes = {
	};
	objectVersion = 46;
	objects = {

/* Begin PBXBuildFile section */
		006D720419952D00008149E2 /* AVFoundation.framework in Frameworks */ = {isa = PBXBuildFile; fileRef = 006D720219952D00008149E2 /* AVFoundation.framework */; };
		006D720519952D00008149E2 /* CoreMedia.framework in Frameworks */ = {isa = PBXBuildFile; fileRef = 006D720319952D00008149E2 /* CoreMedia.framework */; };
		0091D8F90E81B9330029341E /* OpenGL.framework in Frameworks */ = {isa = PBXBuildFile; fileRef = 0091D8F80E81B9330029341E /* OpenGL.framework */; };
		00B784B30FF439BC000DE1D7 /* Accelerate.framework in Frameworks */ = {isa = PBXBuildFile; fileRef = 00B784AF0FF439BC000DE1D7 /* Accelerate.framework */; };
		00B784B40FF439BC000DE1D7 /* AudioToolbox.framework in Frameworks */ = {isa = PBXBuildFile; fileRef = 00B784B00FF439BC000DE1D7 /* AudioToolbox.framework */; };
		00B784B50FF439BC000DE1D7 /* AudioUnit.framework in Frameworks */ = {isa = PBXBuildFile; fileRef = 00B784B10FF439BC000DE1D7 /* AudioUnit.framework */; };
		00B784B60FF439BC000DE1D7 /* CoreAudio.framework in Frameworks */ = {isa = PBXBuildFile; fileRef = 00B784B20FF439BC000DE1D7 /* CoreAudio.framework */; };
		00B9955A1B128DF400A5C623 /* IOKit.framework in Frameworks */ = {isa = PBXBuildFile; fileRef = 00B995581B128DF400A5C623 /* IOKit.framework */; };
		00B9955B1B128DF400A5C623 /* IOSurface.framework in Frameworks */ = {isa = PBXBuildFile; fileRef = 00B995591B128DF400A5C623 /* IOSurface.framework */; };
		10001611E9F74F0A8E2103B3 /* imgui.cpp in Sources */ = {isa = PBXBuildFile; fileRef = 34732A21307449AE97F282D1 /* imgui.cpp */; };
		27CDCA5C34AD4676B43AFF6C /* imgui_demo.cpp in Sources */ = {isa = PBXBuildFile; fileRef = E71E2D5D3BFF43EAA7BD9B80 /* imgui_demo.cpp */; };
		5323E6B20EAFCA74003A9687 /* CoreVideo.framework in Frameworks */ = {isa = PBXBuildFile; fileRef = 5323E6B10EAFCA74003A9687 /* CoreVideo.framework */; };
		62C9684C2DBB4D738A4027B7 /* CiPointCloudViewerApp.cpp in Sources */ = {isa = PBXBuildFile; fileRef = 84EE79368E394425868B934F /* CiPointCloudViewerApp.cpp */; };
		77760C778997432B85D9087D /* CinderImGui.cpp in Sources */ = {isa = PBXBuildFile; fileRef = 7F930651B1954A9184C13DF2 /* CinderImGui.cpp */; };
		8D11072F0486CEB800E47090 /* Cocoa.framework in Frameworks */ = {isa = PBXBuildFile; fileRef = 1058C7A1FEA54F0111CA2CBB /* Cocoa.framework */; };
		C20A3444065C4D28928161E5 /* CinderApp.icns in Resources */ = {isa = PBXBuildFile; fileRef = 000C90AA803A45568E9ED917 /* CinderApp.icns */; };
		CA3A405528884C91ACB84635 /* imgui_draw.cpp in Sources */ = {isa = PBXBuildFile; fileRef = E6CC4734FB6D49339391039A /* imgui_draw.cpp */; };
/* End PBXBuildFile section */

/* Begin PBXFileReference section */
		000C90AA803A45568E9ED917 /* CinderApp.icns */ = {isa = PBXFileReference; lastKnownFileType = image.icns; name = CinderApp.icns; path = ../resources/CinderApp.icns; sourceTree = "<group>"; };
		006D720219952D00008149E2 /* AVFoundation.framework */ = {isa = PBXFileReference; lastKnownFileType = wrapper.framework; name = AVFoundation.framework; path = System/Library/Frameworks/AVFoundation.framework; sourceTree = SDKROOT; };
		006D720319952D00008149E2 /* CoreMedia.framework */ = {isa = PBXFileReference; lastKnownFileType = wrapper.framework; name = CoreMedia.framework; path = System/Library/Frameworks/CoreMedia.framework; sourceTree = SDKROOT; };
		0091D8F80E81B9330029341E /* OpenGL.framework */ = {isa = PBXFileReference; lastKnownFileType = wrapper.framework; name = OpenGL.framework; path = /System/Library/Frameworks/OpenGL.framework; sourceTree = "<absolute>"; };
		00B784AF0FF439BC000DE1D7 /* Accelerate.framework */ = {isa = PBXFileReference; lastKnownFileType = wrapper.framework; name = Accelerate.framework; path = System/Library/Frameworks/Accelerate.framework; sourceTree = SDKROOT; };
		00B784B00FF439BC000DE1D7 /* AudioToolbox.framework */ = {isa = PBXFileReference; lastKnownFileType = wrapper.framework; name = AudioToolbox.framework; path = System/Library/Frameworks/AudioToolbox.framework; sourceTree = SDKROOT; };
		00B784B10FF439BC000DE1D7 /* AudioUnit.framework */ = {isa = PBXFileReference; lastKnownFileType = wrapper.framework; name = AudioUnit.framework; path = System/Library/Frameworks/AudioUnit.framework; sourceTree = SDKROOT; };
		00B784B20FF439BC000DE1D7 /* CoreAudio.framework */ = {isa = PBXFileReference; lastKnownFileType = wrapper.framework; name = CoreAudio.framework; path = System/Library/Frameworks/CoreAudio.framework; sourceTree = SDKROOT; };
		00B995581B128DF400A5C623 /* IOKit.framework */ = {isa = PBXFileReference; lastKnownFileType = wrapper.framework; name = IOKit.framework; path = System/Library/Frameworks/IOKit.framework; sourceTree = SDKROOT; };
		00B995591B128DF400A5C623 /* IOSurface.framework */ = {isa = PBXFileReference; lastKnownFileType = wrapper.framework; name = IOSurface.framework; path = System/Library/Frameworks/IOSurface.framework; sourceTree = SDKROOT; };
		01A9DF7017DA4EF4AB7643E4 /* Core */ = {isa = PBXFileReference; lastKnownFileType = "\"\""; name = Core; path = ../blocks/PCL/include/Eigen/Core; sourceTree = "<group>"; };
		08269DE05788435B9D514D66 /* MetisSupport */ = {isa = PBXFileReference; lastKnownFileType = "\"\""; name = MetisSupport; path = ../blocks/PCL/include/Eigen/MetisSupport; sourceTree = "<group>"; };
		098DD58206BC444D802185C6 /* QtAlignedMalloc */ = {isa = PBXFileReference; lastKnownFileType = "\"\""; name = QtAlignedMalloc; path = ../blocks/PCL/include/Eigen/QtAlignedMalloc; sourceTree = "<group>"; };
		1058C7A1FEA54F0111CA2CBB /* Cocoa.framework */ = {isa = PBXFileReference; lastKnownFileType = wrapper.framework; name = Cocoa.framework; path = /System/Library/Frameworks/Cocoa.framework; sourceTree = "<absolute>"; };
		18F466379B3042E887FADD20 /* PardisoSupport */ = {isa = PBXFileReference; lastKnownFileType = "\"\""; name = PardisoSupport; path = ../blocks/PCL/include/Eigen/PardisoSupport; sourceTree = "<group>"; };
		1BFD5177AC5B41239F66E3EB /* LeastSquares */ = {isa = PBXFileReference; lastKnownFileType = "\"\""; name = LeastSquares; path = ../blocks/PCL/include/Eigen/LeastSquares; sourceTree = "<group>"; };
		298539137F5D415BBDD8FD6B /* StdDeque */ = {isa = PBXFileReference; lastKnownFileType = "\"\""; name = StdDeque; path = ../blocks/PCL/include/Eigen/StdDeque; sourceTree = "<group>"; };
		29B97324FDCFA39411CA2CEA /* AppKit.framework */ = {isa = PBXFileReference; lastKnownFileType = wrapper.framework; name = AppKit.framework; path = /System/Library/Frameworks/AppKit.framework; sourceTree = "<absolute>"; };
		29B97325FDCFA39411CA2CEA /* Foundation.framework */ = {isa = PBXFileReference; lastKnownFileType = wrapper.framework; name = Foundation.framework; path = /System/Library/Frameworks/Foundation.framework; sourceTree = "<absolute>"; };
		2D4FE98FD6FA4222B4DE0FFE /* Sparse */ = {isa = PBXFileReference; lastKnownFileType = "\"\""; name = Sparse; path = ../blocks/PCL/include/Eigen/Sparse; sourceTree = "<group>"; };
		34732A21307449AE97F282D1 /* imgui.cpp */ = {isa = PBXFileReference; lastKnownFileType = sourcecode.c.cpp; name = imgui.cpp; path = ../blocks/ImGui/lib/imgui/imgui.cpp; sourceTree = "<group>"; };
		3750DF584BCA416CA9B9B2A2 /* StdList */ = {isa = PBXFileReference; lastKnownFileType = "\"\""; name = StdList; path = ../blocks/PCL/include/Eigen/StdList; sourceTree = "<group>"; };
		3AD373D940F24301B9D3D480 /* Jacobi */ = {isa = PBXFileReference; lastKnownFileType = "\"\""; name = Jacobi; path = ../blocks/PCL/include/Eigen/Jacobi; sourceTree = "<group>"; };
		3F4D03BD7DAC4D5F9432EB57 /* IterativeLinearSolvers */ = {isa = PBXFileReference; lastKnownFileType = "\"\""; name = IterativeLinearSolvers; path = ../blocks/PCL/include/Eigen/IterativeLinearSolvers; sourceTree = "<group>"; };
		412701AFCF794E5A8686BD3D /* PaStiXSupport */ = {isa = PBXFileReference; lastKnownFileType = "\"\""; name = PaStiXSupport; path = ../blocks/PCL/include/Eigen/PaStiXSupport; sourceTree = "<group>"; };
		42A85D29F92C4E9EB2B6981D /* QR */ = {isa = PBXFileReference; lastKnownFileType = "\"\""; name = QR; path = ../blocks/PCL/include/Eigen/QR; sourceTree = "<group>"; };
		525BDF04DD6E498C950652C3 /* SVD */ = {isa = PBXFileReference; lastKnownFileType = "\"\""; name = SVD; path = ../blocks/PCL/include/Eigen/SVD; sourceTree = "<group>"; };
		5323E6B10EAFCA74003A9687 /* CoreVideo.framework */ = {isa = PBXFileReference; lastKnownFileType = wrapper.framework; name = CoreVideo.framework; path = /System/Library/Frameworks/CoreVideo.framework; sourceTree = "<absolute>"; };
		5828C4A29739404A9DA69252 /* defines.h */ = {isa = PBXFileReference; lastKnownFileType = sourcecode.c.h; name = defines.h; path = ../blocks/PCL/include/flann/defines.h; sourceTree = "<group>"; };
		58CF8BD564344E7FA5D59E14 /* general.h */ = {isa = PBXFileReference; lastKnownFileType = sourcecode.c.h; name = general.h; path = ../blocks/PCL/include/flann/general.h; sourceTree = "<group>"; };
		60908E2913244B1FA54FDC10 /* Eigen2Support */ = {isa = PBXFileReference; lastKnownFileType = "\"\""; name = Eigen2Support; path = ../blocks/PCL/include/Eigen/Eigen2Support; sourceTree = "<group>"; };
		61A95C4827A14B839FC2B21E /* Cholesky */ = {isa = PBXFileReference; lastKnownFileType = "\"\""; name = Cholesky; path = ../blocks/PCL/include/Eigen/Cholesky; sourceTree = "<group>"; };
		62F3B31452A04659877816B2 /* SPQRSupport */ = {isa = PBXFileReference; lastKnownFileType = "\"\""; name = SPQRSupport; path = ../blocks/PCL/include/Eigen/SPQRSupport; sourceTree = "<group>"; };
		6B5500CF8B754D97A21ABC73 /* imconfig.h */ = {isa = PBXFileReference; lastKnownFileType = sourcecode.c.h; name = imconfig.h; path = ../blocks/ImGui/lib/imgui/imconfig.h; sourceTree = "<group>"; };
		6D672FDEF8794C52AA0F02C4 /* imgui_user.h */ = {isa = PBXFileReference; lastKnownFileType = sourcecode.c.h; name = imgui_user.h; path = ../blocks/ImGui/include/imgui_user.h; sourceTree = "<group>"; };
		704171201C45422DA69E8F04 /* flann.hpp */ = {isa = PBXFileReference; lastKnownFileType = "\"\""; name = flann.hpp; path = ../blocks/PCL/include/flann/flann.hpp; sourceTree = "<group>"; };
		7F930651B1954A9184C13DF2 /* CinderImGui.cpp */ = {isa = PBXFileReference; lastKnownFileType = sourcecode.c.cpp; name = CinderImGui.cpp; path = ../blocks/ImGui/src/CinderImGui.cpp; sourceTree = "<group>"; };
		84EE79368E394425868B934F /* CiPointCloudViewerApp.cpp */ = {isa = PBXFileReference; lastKnownFileType = sourcecode.c.cpp; name = CiPointCloudViewerApp.cpp; path = ../src/CiPointCloudViewerApp.cpp; sourceTree = "<group>"; };
		87C4EF2EF29847CF9B9F60C1 /* LU */ = {isa = PBXFileReference; lastKnownFileType = "\"\""; name = LU; path = ../blocks/PCL/include/Eigen/LU; sourceTree = "<group>"; };
		8BEF92E22DA24F9C8F0282F6 /* SparseCholesky */ = {isa = PBXFileReference; lastKnownFileType = "\"\""; name = SparseCholesky; path = ../blocks/PCL/include/Eigen/SparseCholesky; sourceTree = "<group>"; };
		8D1107320486CEB800E47090 /* CiPointCloudViewer.app */ = {isa = PBXFileReference; explicitFileType = wrapper.application; includeInIndex = 0; path = CiPointCloudViewer.app; sourceTree = BUILT_PRODUCTS_DIR; };
		949048E1394F4EDD8B5B6C54 /* OrderingMethods */ = {isa = PBXFileReference; lastKnownFileType = "\"\""; name = OrderingMethods; path = ../blocks/PCL/include/Eigen/OrderingMethods; sourceTree = "<group>"; };
		961D28CE474E4909ABB86151 /* CholmodSupport */ = {isa = PBXFileReference; lastKnownFileType = "\"\""; name = CholmodSupport; path = ../blocks/PCL/include/Eigen/CholmodSupport; sourceTree = "<group>"; };
		98F80DD7F80F4EF785C61E39 /* StdVector */ = {isa = PBXFileReference; lastKnownFileType = "\"\""; name = StdVector; path = ../blocks/PCL/include/Eigen/StdVector; sourceTree = "<group>"; };
		A093CC67C5A14200BC0AC988 /* Info.plist */ = {isa = PBXFileReference; lastKnownFileType = text.plist.xml; path = Info.plist; sourceTree = "<group>"; };
		A2F7DA627EC147C89B1D0967 /* Array */ = {isa = PBXFileReference; lastKnownFileType = "\"\""; name = Array; path = ../blocks/PCL/include/Eigen/Array; sourceTree = "<group>"; };
		A8ECDFE8B02F4F86B43C9523 /* Eigen */ = {isa = PBXFileReference; lastKnownFileType = "\"\""; name = Eigen; path = ../blocks/PCL/include/Eigen/Eigen; sourceTree = "<group>"; };
		B58AAFDD2CE3497994E39199 /* imgui_internal.h */ = {isa = PBXFileReference; lastKnownFileType = sourcecode.c.h; name = imgui_internal.h; path = ../blocks/ImGui/lib/imgui/imgui_internal.h; sourceTree = "<group>"; };
		BD4C9FCBF3E64789800CCCE5 /* imgui.h */ = {isa = PBXFileReference; lastKnownFileType = sourcecode.c.h; name = imgui.h; path = ../blocks/ImGui/lib/imgui/imgui.h; sourceTree = "<group>"; };
		C19E654E173242DBA7C6E3B2 /* UmfPackSupport */ = {isa = PBXFileReference; lastKnownFileType = "\"\""; name = UmfPackSupport; path = ../blocks/PCL/include/Eigen/UmfPackSupport; sourceTree = "<group>"; };
		C55052AB9BA94E54AB158740 /* imgui_user.inl */ = {isa = PBXFileReference; lastKnownFileType = "\"\""; name = imgui_user.inl; path = ../blocks/ImGui/include/imgui_user.inl; sourceTree = "<group>"; };
		CA207E2B621F438F82184BC5 /* Householder */ = {isa = PBXFileReference; lastKnownFileType = "\"\""; name = Householder; path = ../blocks/PCL/include/Eigen/Householder; sourceTree = "<group>"; };
		CCC1909982E6423A93E9528E /* flann.h */ = {isa = PBXFileReference; lastKnownFileType = sourcecode.c.h; name = flann.h; path = ../blocks/PCL/include/flann/flann.h; sourceTree = "<group>"; };
		CE1289101A504589BB0A20A2 /* SparseLU */ = {isa = PBXFileReference; lastKnownFileType = "\"\""; name = SparseLU; path = ../blocks/PCL/include/Eigen/SparseLU; sourceTree = "<group>"; };
		D1894BE50369421CB7F0A783 /* SparseQR */ = {isa = PBXFileReference; lastKnownFileType = "\"\""; name = SparseQR; path = ../blocks/PCL/include/Eigen/SparseQR; sourceTree = "<group>"; };
		DE26D6A3E4E045729CFFC15A /* Dense */ = {isa = PBXFileReference; lastKnownFileType = "\"\""; name = Dense; path = ../blocks/PCL/include/Eigen/Dense; sourceTree = "<group>"; };
		E1CB749CED81481B8BAB49C8 /* config.h */ = {isa = PBXFileReference; lastKnownFileType = sourcecode.c.h; name = config.h; path = ../blocks/PCL/include/flann/config.h; sourceTree = "<group>"; };
		E6CC4734FB6D49339391039A /* imgui_draw.cpp */ = {isa = PBXFileReference; lastKnownFileType = sourcecode.c.cpp; name = imgui_draw.cpp; path = ../blocks/ImGui/lib/imgui/imgui_draw.cpp; sourceTree = "<group>"; };
		E6F2F06D436E4EBF9B1316AB /* CiPointCloudViewer_Prefix.pch */ = {isa = PBXFileReference; lastKnownFileType = "\"\""; path = CiPointCloudViewer_Prefix.pch; sourceTree = "<group>"; };
		E71E2D5D3BFF43EAA7BD9B80 /* imgui_demo.cpp */ = {isa = PBXFileReference; lastKnownFileType = sourcecode.c.cpp; name = imgui_demo.cpp; path = ../blocks/ImGui/lib/imgui/imgui_demo.cpp; sourceTree = "<group>"; };
		E79347BB1D2A6EE8003739B5 /* PcdGrabber.hpp */ = {isa = PBXFileReference; fileEncoding = 4; lastKnownFileType = sourcecode.cpp.h; name = PcdGrabber.hpp; path = ../src/grabber/PcdGrabber.hpp; sourceTree = "<group>"; };
		E79347BC1D2A6EE8003739B5 /* PointCloudGrabber.hpp */ = {isa = PBXFileReference; fileEncoding = 4; lastKnownFileType = sourcecode.cpp.h; name = PointCloudGrabber.hpp; path = ../src/grabber/PointCloudGrabber.hpp; sourceTree = "<group>"; };
		E79347BE1D2A7F34003739B5 /* SequentialPcdGrabber.hpp */ = {isa = PBXFileReference; fileEncoding = 4; lastKnownFileType = sourcecode.cpp.h; name = SequentialPcdGrabber.hpp; path = ../src/grabber/SequentialPcdGrabber.hpp; sourceTree = "<group>"; };
		EA44C7073B384A7CB360F590 /* SuperLUSupport */ = {isa = PBXFileReference; lastKnownFileType = "\"\""; name = SuperLUSupport; path = ../blocks/PCL/include/Eigen/SuperLUSupport; sourceTree = "<group>"; };
		ED9EE83C8AA04B1588F58A8E /* SparseCore */ = {isa = PBXFileReference; lastKnownFileType = "\"\""; name = SparseCore; path = ../blocks/PCL/include/Eigen/SparseCore; sourceTree = "<group>"; };
		EDDBA50428884B589C57C294 /* Geometry */ = {isa = PBXFileReference; lastKnownFileType = "\"\""; name = Geometry; path = ../blocks/PCL/include/Eigen/Geometry; sourceTree = "<group>"; };
		F5E6FBC7543948D6A2E50F0F /* CinderImGui.h */ = {isa = PBXFileReference; lastKnownFileType = sourcecode.c.h; name = CinderImGui.h; path = ../blocks/ImGui/include/CinderImGui.h; sourceTree = "<group>"; };
		F655C146532B47F09E35F055 /* Eigenvalues */ = {isa = PBXFileReference; lastKnownFileType = "\"\""; name = Eigenvalues; path = ../blocks/PCL/include/Eigen/Eigenvalues; sourceTree = "<group>"; };
		FE5413F9727C432782F82873 /* Resources.h */ = {isa = PBXFileReference; lastKnownFileType = sourcecode.c.h; name = Resources.h; path = ../include/Resources.h; sourceTree = "<group>"; };
/* End PBXFileReference section */

/* Begin PBXFrameworksBuildPhase section */
		8D11072E0486CEB800E47090 /* Frameworks */ = {
			isa = PBXFrameworksBuildPhase;
			buildActionMask = 2147483647;
			files = (
				006D720419952D00008149E2 /* AVFoundation.framework in Frameworks */,
				006D720519952D00008149E2 /* CoreMedia.framework in Frameworks */,
				8D11072F0486CEB800E47090 /* Cocoa.framework in Frameworks */,
				0091D8F90E81B9330029341E /* OpenGL.framework in Frameworks */,
				5323E6B20EAFCA74003A9687 /* CoreVideo.framework in Frameworks */,
				00B784B30FF439BC000DE1D7 /* Accelerate.framework in Frameworks */,
				00B784B40FF439BC000DE1D7 /* AudioToolbox.framework in Frameworks */,
				00B784B50FF439BC000DE1D7 /* AudioUnit.framework in Frameworks */,
				00B784B60FF439BC000DE1D7 /* CoreAudio.framework in Frameworks */,
				00B9955A1B128DF400A5C623 /* IOKit.framework in Frameworks */,
				00B9955B1B128DF400A5C623 /* IOSurface.framework in Frameworks */,
			);
			runOnlyForDeploymentPostprocessing = 0;
		};
/* End PBXFrameworksBuildPhase section */

/* Begin PBXGroup section */
		01B97315FEAEA392516A2CEA /* Blocks */ = {
			isa = PBXGroup;
			children = (
				06C0E5B4D23E43509A550D24 /* ImGui */,
				5BCD33D1DF0C4337BE8EA97E /* PCL */,
			);
			name = Blocks;
			sourceTree = "<group>";
		};
		06C0E5B4D23E43509A550D24 /* ImGui */ = {
			isa = PBXGroup;
			children = (
				9123A6A429A742FCBF517964 /* include */,
				DA29A596D1794F73A836FE24 /* lib */,
				6755A75B13B045E0994F5507 /* src */,
			);
			name = ImGui;
			sourceTree = "<group>";
		};
		080E96DDFE201D6D7F000001 /* Source */ = {
			isa = PBXGroup;
			children = (
				84EE79368E394425868B934F /* CiPointCloudViewerApp.cpp */,
				E745C1C01D27A65000FCC25A /* grabber */,
			);
			name = Source;
			sourceTree = "<group>";
		};
		1058C7A0FEA54F0111CA2CBB /* Linked Frameworks */ = {
			isa = PBXGroup;
			children = (
				006D720219952D00008149E2 /* AVFoundation.framework */,
				006D720319952D00008149E2 /* CoreMedia.framework */,
				00B784AF0FF439BC000DE1D7 /* Accelerate.framework */,
				00B784B00FF439BC000DE1D7 /* AudioToolbox.framework */,
				00B784B10FF439BC000DE1D7 /* AudioUnit.framework */,
				00B784B20FF439BC000DE1D7 /* CoreAudio.framework */,
				5323E6B10EAFCA74003A9687 /* CoreVideo.framework */,
				0091D8F80E81B9330029341E /* OpenGL.framework */,
				1058C7A1FEA54F0111CA2CBB /* Cocoa.framework */,
				00B995581B128DF400A5C623 /* IOKit.framework */,
				00B995591B128DF400A5C623 /* IOSurface.framework */,
			);
			name = "Linked Frameworks";
			sourceTree = "<group>";
		};
		1058C7A2FEA54F0111CA2CBB /* Other Frameworks */ = {
			isa = PBXGroup;
			children = (
				29B97324FDCFA39411CA2CEA /* AppKit.framework */,
				29B97325FDCFA39411CA2CEA /* Foundation.framework */,
			);
			name = "Other Frameworks";
			sourceTree = "<group>";
		};
		19C28FACFE9D520D11CA2CBB /* Products */ = {
			isa = PBXGroup;
			children = (
				8D1107320486CEB800E47090 /* CiPointCloudViewer.app */,
			);
			name = Products;
			sourceTree = "<group>";
		};
		29B97314FDCFA39411CA2CEA /* CiPointCloudViewer */ = {
			isa = PBXGroup;
			children = (
				01B97315FEAEA392516A2CEA /* Blocks */,
				29B97315FDCFA39411CA2CEA /* Headers */,
				080E96DDFE201D6D7F000001 /* Source */,
				29B97317FDCFA39411CA2CEA /* Resources */,
				29B97323FDCFA39411CA2CEA /* Frameworks */,
				19C28FACFE9D520D11CA2CBB /* Products */,
			);
			name = CiPointCloudViewer;
			sourceTree = "<group>";
		};
		29B97315FDCFA39411CA2CEA /* Headers */ = {
			isa = PBXGroup;
			children = (
				FE5413F9727C432782F82873 /* Resources.h */,
				E6F2F06D436E4EBF9B1316AB /* CiPointCloudViewer_Prefix.pch */,
			);
			name = Headers;
			sourceTree = "<group>";
		};
		29B97317FDCFA39411CA2CEA /* Resources */ = {
			isa = PBXGroup;
			children = (
				000C90AA803A45568E9ED917 /* CinderApp.icns */,
				A093CC67C5A14200BC0AC988 /* Info.plist */,
			);
			name = Resources;
			sourceTree = "<group>";
		};
		29B97323FDCFA39411CA2CEA /* Frameworks */ = {
			isa = PBXGroup;
			children = (
				1058C7A0FEA54F0111CA2CBB /* Linked Frameworks */,
				1058C7A2FEA54F0111CA2CBB /* Other Frameworks */,
			);
			name = Frameworks;
			sourceTree = "<group>";
		};
		4F2FA8F07ED141D0AB5B999F /* Eigen */ = {
			isa = PBXGroup;
			children = (
				A2F7DA627EC147C89B1D0967 /* Array */,
				61A95C4827A14B839FC2B21E /* Cholesky */,
				961D28CE474E4909ABB86151 /* CholmodSupport */,
				01A9DF7017DA4EF4AB7643E4 /* Core */,
				DE26D6A3E4E045729CFFC15A /* Dense */,
				A8ECDFE8B02F4F86B43C9523 /* Eigen */,
				60908E2913244B1FA54FDC10 /* Eigen2Support */,
				F655C146532B47F09E35F055 /* Eigenvalues */,
				EDDBA50428884B589C57C294 /* Geometry */,
				CA207E2B621F438F82184BC5 /* Householder */,
				3F4D03BD7DAC4D5F9432EB57 /* IterativeLinearSolvers */,
				3AD373D940F24301B9D3D480 /* Jacobi */,
				1BFD5177AC5B41239F66E3EB /* LeastSquares */,
				87C4EF2EF29847CF9B9F60C1 /* LU */,
				08269DE05788435B9D514D66 /* MetisSupport */,
				949048E1394F4EDD8B5B6C54 /* OrderingMethods */,
				18F466379B3042E887FADD20 /* PardisoSupport */,
				412701AFCF794E5A8686BD3D /* PaStiXSupport */,
				42A85D29F92C4E9EB2B6981D /* QR */,
				098DD58206BC444D802185C6 /* QtAlignedMalloc */,
				2D4FE98FD6FA4222B4DE0FFE /* Sparse */,
				8BEF92E22DA24F9C8F0282F6 /* SparseCholesky */,
				ED9EE83C8AA04B1588F58A8E /* SparseCore */,
				CE1289101A504589BB0A20A2 /* SparseLU */,
				D1894BE50369421CB7F0A783 /* SparseQR */,
				62F3B31452A04659877816B2 /* SPQRSupport */,
				298539137F5D415BBDD8FD6B /* StdDeque */,
				3750DF584BCA416CA9B9B2A2 /* StdList */,
				98F80DD7F80F4EF785C61E39 /* StdVector */,
				EA44C7073B384A7CB360F590 /* SuperLUSupport */,
				525BDF04DD6E498C950652C3 /* SVD */,
				C19E654E173242DBA7C6E3B2 /* UmfPackSupport */,
			);
			name = Eigen;
			sourceTree = "<group>";
		};
		5A23BD35E7A2454C9F2438F6 /* include */ = {
			isa = PBXGroup;
			children = (
				4F2FA8F07ED141D0AB5B999F /* Eigen */,
				A76CF1707D48488BA0A4EF55 /* flann */,
			);
			name = include;
			sourceTree = "<group>";
		};
		5BCD33D1DF0C4337BE8EA97E /* PCL */ = {
			isa = PBXGroup;
			children = (
				5A23BD35E7A2454C9F2438F6 /* include */,
			);
			name = PCL;
			sourceTree = "<group>";
		};
		6755A75B13B045E0994F5507 /* src */ = {
			isa = PBXGroup;
			children = (
				7F930651B1954A9184C13DF2 /* CinderImGui.cpp */,
			);
			name = src;
			sourceTree = "<group>";
		};
		9123A6A429A742FCBF517964 /* include */ = {
			isa = PBXGroup;
			children = (
				F5E6FBC7543948D6A2E50F0F /* CinderImGui.h */,
				6D672FDEF8794C52AA0F02C4 /* imgui_user.h */,
				C55052AB9BA94E54AB158740 /* imgui_user.inl */,
			);
			name = include;
			sourceTree = "<group>";
		};
		94748C9D0CED4360B30DA2B9 /* imgui */ = {
			isa = PBXGroup;
			children = (
				6B5500CF8B754D97A21ABC73 /* imconfig.h */,
				BD4C9FCBF3E64789800CCCE5 /* imgui.h */,
				B58AAFDD2CE3497994E39199 /* imgui_internal.h */,
				34732A21307449AE97F282D1 /* imgui.cpp */,
				E6CC4734FB6D49339391039A /* imgui_draw.cpp */,
				E71E2D5D3BFF43EAA7BD9B80 /* imgui_demo.cpp */,
			);
			name = imgui;
			sourceTree = "<group>";
		};
		A76CF1707D48488BA0A4EF55 /* flann */ = {
			isa = PBXGroup;
			children = (
				E1CB749CED81481B8BAB49C8 /* config.h */,
				5828C4A29739404A9DA69252 /* defines.h */,
				CCC1909982E6423A93E9528E /* flann.h */,
				704171201C45422DA69E8F04 /* flann.hpp */,
				58CF8BD564344E7FA5D59E14 /* general.h */,
			);
			name = flann;
			sourceTree = "<group>";
		};
		DA29A596D1794F73A836FE24 /* lib */ = {
			isa = PBXGroup;
			children = (
				94748C9D0CED4360B30DA2B9 /* imgui */,
			);
			name = lib;
			sourceTree = "<group>";
		};
		E745C1C01D27A65000FCC25A /* grabber */ = {
			isa = PBXGroup;
			children = (
				E79347BB1D2A6EE8003739B5 /* PcdGrabber.hpp */,
				E79347BC1D2A6EE8003739B5 /* PointCloudGrabber.hpp */,
				E79347BE1D2A7F34003739B5 /* SequentialPcdGrabber.hpp */,
			);
			name = grabber;
			sourceTree = "<group>";
		};
/* End PBXGroup section */

/* Begin PBXNativeTarget section */
		8D1107260486CEB800E47090 /* CiPointCloudViewer */ = {
			isa = PBXNativeTarget;
			buildConfigurationList = C01FCF4A08A954540054247B /* Build configuration list for PBXNativeTarget "CiPointCloudViewer" */;
			buildPhases = (
				8D1107290486CEB800E47090 /* Resources */,
				8D11072C0486CEB800E47090 /* Sources */,
				8D11072E0486CEB800E47090 /* Frameworks */,
			);
			buildRules = (
			);
			dependencies = (
			);
			name = CiPointCloudViewer;
			productInstallPath = "$(HOME)/Applications";
			productName = CiPointCloudViewer;
			productReference = 8D1107320486CEB800E47090 /* CiPointCloudViewer.app */;
			productType = "com.apple.product-type.application";
		};
/* End PBXNativeTarget section */

/* Begin PBXProject section */
		29B97313FDCFA39411CA2CEA /* Project object */ = {
			isa = PBXProject;
			attributes = {
			};
			buildConfigurationList = C01FCF4E08A954540054247B /* Build configuration list for PBXProject "CiPointCloudViewer" */;
			compatibilityVersion = "Xcode 3.2";
			developmentRegion = English;
			hasScannedForEncodings = 1;
			knownRegions = (
				English,
				Japanese,
				French,
				German,
			);
			mainGroup = 29B97314FDCFA39411CA2CEA /* CiPointCloudViewer */;
			projectDirPath = "";
			projectRoot = "";
			targets = (
				8D1107260486CEB800E47090 /* CiPointCloudViewer */,
			);
		};
/* End PBXProject section */

/* Begin PBXResourcesBuildPhase section */
		8D1107290486CEB800E47090 /* Resources */ = {
			isa = PBXResourcesBuildPhase;
			buildActionMask = 2147483647;
			files = (
				C20A3444065C4D28928161E5 /* CinderApp.icns in Resources */,
			);
			runOnlyForDeploymentPostprocessing = 0;
		};
/* End PBXResourcesBuildPhase section */

/* Begin PBXSourcesBuildPhase section */
		8D11072C0486CEB800E47090 /* Sources */ = {
			isa = PBXSourcesBuildPhase;
			buildActionMask = 2147483647;
			files = (
				62C9684C2DBB4D738A4027B7 /* CiPointCloudViewerApp.cpp in Sources */,
				77760C778997432B85D9087D /* CinderImGui.cpp in Sources */,
				10001611E9F74F0A8E2103B3 /* imgui.cpp in Sources */,
				CA3A405528884C91ACB84635 /* imgui_draw.cpp in Sources */,
				27CDCA5C34AD4676B43AFF6C /* imgui_demo.cpp in Sources */,
			);
			runOnlyForDeploymentPostprocessing = 0;
		};
/* End PBXSourcesBuildPhase section */

/* Begin XCBuildConfiguration section */
		C01FCF4B08A954540054247B /* Debug */ = {
			isa = XCBuildConfiguration;
			buildSettings = {
				COMBINE_HIDPI_IMAGES = YES;
				COPY_PHASE_STRIP = NO;
				DEAD_CODE_STRIPPING = YES;
				GCC_DYNAMIC_NO_PIC = NO;
				GCC_INLINES_ARE_PRIVATE_EXTERN = YES;
				GCC_OPTIMIZATION_LEVEL = 0;
				GCC_PRECOMPILE_PREFIX_HEADER = YES;
				GCC_PREFIX_HEADER = CiPointCloudViewer_Prefix.pch;
				GCC_PREPROCESSOR_DEFINITIONS = (
					"DEBUG=1",
					"$(inherited)",
				);
				GCC_SYMBOLS_PRIVATE_EXTERN = NO;
				INFOPLIST_FILE = Info.plist;
				INSTALL_PATH = "$(HOME)/Applications";
				OTHER_LDFLAGS = (
					"\"$(CINDER_PATH)/lib/libcinder_d.a\"",
					../blocks/PCL/lib/macosx/libflann_cpp_s.a,
					../blocks/PCL/lib/macosx/libflann_s.a,
					../blocks/PCL/lib/macosx/libflann.1.8.4.dylib,
					../blocks/PCL/lib/macosx/libflann.1.8.dylib,
					../blocks/PCL/lib/macosx/libflann.dylib,
					../blocks/PCL/lib/macosx/libflann_cpp.1.8.4.dylib,
					../blocks/PCL/lib/macosx/libflann_cpp.1.8.dylib,
					../blocks/PCL/lib/macosx/libflann_cpp.dylib,
					../blocks/PCL/lib/macosx/libpcl_2d.1.8.0.dylib,
					../blocks/PCL/lib/macosx/libpcl_2d.1.8.dylib,
					../blocks/PCL/lib/macosx/libpcl_2d.dylib,
					../blocks/PCL/lib/macosx/libpcl_common.1.8.0.dylib,
					../blocks/PCL/lib/macosx/libpcl_common.1.8.dylib,
					../blocks/PCL/lib/macosx/libpcl_common.dylib,
					../blocks/PCL/lib/macosx/libpcl_features.1.8.0.dylib,
					../blocks/PCL/lib/macosx/libpcl_features.1.8.dylib,
					../blocks/PCL/lib/macosx/libpcl_features.dylib,
					../blocks/PCL/lib/macosx/libpcl_filters.1.8.0.dylib,
					../blocks/PCL/lib/macosx/libpcl_filters.1.8.dylib,
					../blocks/PCL/lib/macosx/libpcl_filters.dylib,
					../blocks/PCL/lib/macosx/libpcl_io.1.8.0.dylib,
					../blocks/PCL/lib/macosx/libpcl_io.1.8.dylib,
					../blocks/PCL/lib/macosx/libpcl_io.dylib,
					../blocks/PCL/lib/macosx/libpcl_io_ply.1.8.0.dylib,
					../blocks/PCL/lib/macosx/libpcl_io_ply.1.8.dylib,
					../blocks/PCL/lib/macosx/libpcl_io_ply.dylib,
					../blocks/PCL/lib/macosx/libpcl_kdtree.1.8.0.dylib,
					../blocks/PCL/lib/macosx/libpcl_kdtree.1.8.dylib,
					../blocks/PCL/lib/macosx/libpcl_kdtree.dylib,
					../blocks/PCL/lib/macosx/libpcl_keypoints.1.8.0.dylib,
					../blocks/PCL/lib/macosx/libpcl_keypoints.1.8.dylib,
					../blocks/PCL/lib/macosx/libpcl_keypoints.dylib,
					../blocks/PCL/lib/macosx/libpcl_ml.1.8.0.dylib,
					../blocks/PCL/lib/macosx/libpcl_ml.1.8.dylib,
					../blocks/PCL/lib/macosx/libpcl_ml.dylib,
					../blocks/PCL/lib/macosx/libpcl_octree.1.8.0.dylib,
					../blocks/PCL/lib/macosx/libpcl_octree.1.8.dylib,
					../blocks/PCL/lib/macosx/libpcl_octree.dylib,
					../blocks/PCL/lib/macosx/libpcl_outofcore.1.8.0.dylib,
					../blocks/PCL/lib/macosx/libpcl_outofcore.1.8.dylib,
					../blocks/PCL/lib/macosx/libpcl_outofcore.dylib,
					../blocks/PCL/lib/macosx/libpcl_people.1.8.0.dylib,
					../blocks/PCL/lib/macosx/libpcl_people.1.8.dylib,
					../blocks/PCL/lib/macosx/libpcl_people.dylib,
					../blocks/PCL/lib/macosx/libpcl_recognition.1.8.0.dylib,
					../blocks/PCL/lib/macosx/libpcl_recognition.1.8.dylib,
					../blocks/PCL/lib/macosx/libpcl_recognition.dylib,
					../blocks/PCL/lib/macosx/libpcl_registration.1.8.0.dylib,
					../blocks/PCL/lib/macosx/libpcl_registration.1.8.dylib,
					../blocks/PCL/lib/macosx/libpcl_registration.dylib,
					../blocks/PCL/lib/macosx/libpcl_sample_consensus.1.8.0.dylib,
					../blocks/PCL/lib/macosx/libpcl_sample_consensus.1.8.dylib,
					../blocks/PCL/lib/macosx/libpcl_sample_consensus.dylib,
					../blocks/PCL/lib/macosx/libpcl_search.1.8.0.dylib,
					../blocks/PCL/lib/macosx/libpcl_search.1.8.dylib,
					../blocks/PCL/lib/macosx/libpcl_search.dylib,
					../blocks/PCL/lib/macosx/libpcl_segmentation.1.8.0.dylib,
					../blocks/PCL/lib/macosx/libpcl_segmentation.1.8.dylib,
					../blocks/PCL/lib/macosx/libpcl_segmentation.dylib,
					../blocks/PCL/lib/macosx/libpcl_stereo.1.8.0.dylib,
					../blocks/PCL/lib/macosx/libpcl_stereo.1.8.dylib,
					../blocks/PCL/lib/macosx/libpcl_stereo.dylib,
					../blocks/PCL/lib/macosx/libpcl_surface.1.8.0.dylib,
					../blocks/PCL/lib/macosx/libpcl_surface.1.8.dylib,
					../blocks/PCL/lib/macosx/libpcl_surface.dylib,
					../blocks/PCL/lib/macosx/libpcl_tracking.1.8.0.dylib,
					../blocks/PCL/lib/macosx/libpcl_tracking.1.8.dylib,
					../blocks/PCL/lib/macosx/libpcl_tracking.dylib,
					../blocks/PCL/lib/macosx/libpcl_visualization.1.8.0.dylib,
					../blocks/PCL/lib/macosx/libpcl_visualization.1.8.dylib,
					../blocks/PCL/lib/macosx/libpcl_visualization.dylib,
				);
				PRODUCT_BUNDLE_IDENTIFIER = "org.libcinder.${PRODUCT_NAME:rfc1034identifier}";
				PRODUCT_NAME = CiPointCloudViewer;
				SYMROOT = ./build;
				WRAPPER_EXTENSION = app;
			};
			name = Debug;
		};
		C01FCF4C08A954540054247B /* Release */ = {
			isa = XCBuildConfiguration;
			buildSettings = {
				COMBINE_HIDPI_IMAGES = YES;
				DEAD_CODE_STRIPPING = YES;
				DEBUG_INFORMATION_FORMAT = "dwarf-with-dsym";
				GCC_FAST_MATH = YES;
				GCC_GENERATE_DEBUGGING_SYMBOLS = NO;
				GCC_INLINES_ARE_PRIVATE_EXTERN = YES;
				GCC_OPTIMIZATION_LEVEL = 3;
				GCC_PRECOMPILE_PREFIX_HEADER = YES;
				GCC_PREFIX_HEADER = CiPointCloudViewer_Prefix.pch;
				GCC_PREPROCESSOR_DEFINITIONS = (
					"NDEBUG=1",
					"$(inherited)",
				);
				GCC_SYMBOLS_PRIVATE_EXTERN = NO;
				INFOPLIST_FILE = Info.plist;
				INSTALL_PATH = "$(HOME)/Applications";
				OTHER_LDFLAGS = (
					"\"$(CINDER_PATH)/lib/libcinder.a\"",
					../blocks/PCL/lib/macosx/libflann_cpp_s.a,
					../blocks/PCL/lib/macosx/libflann_s.a,
					../blocks/PCL/lib/macosx/libflann.1.8.4.dylib,
					../blocks/PCL/lib/macosx/libflann.1.8.dylib,
					../blocks/PCL/lib/macosx/libflann.dylib,
					../blocks/PCL/lib/macosx/libflann_cpp.1.8.4.dylib,
					../blocks/PCL/lib/macosx/libflann_cpp.1.8.dylib,
					../blocks/PCL/lib/macosx/libflann_cpp.dylib,
					../blocks/PCL/lib/macosx/libpcl_2d.1.8.0.dylib,
					../blocks/PCL/lib/macosx/libpcl_2d.1.8.dylib,
					../blocks/PCL/lib/macosx/libpcl_2d.dylib,
					../blocks/PCL/lib/macosx/libpcl_common.1.8.0.dylib,
					../blocks/PCL/lib/macosx/libpcl_common.1.8.dylib,
					../blocks/PCL/lib/macosx/libpcl_common.dylib,
					../blocks/PCL/lib/macosx/libpcl_features.1.8.0.dylib,
					../blocks/PCL/lib/macosx/libpcl_features.1.8.dylib,
					../blocks/PCL/lib/macosx/libpcl_features.dylib,
					../blocks/PCL/lib/macosx/libpcl_filters.1.8.0.dylib,
					../blocks/PCL/lib/macosx/libpcl_filters.1.8.dylib,
					../blocks/PCL/lib/macosx/libpcl_filters.dylib,
					../blocks/PCL/lib/macosx/libpcl_io.1.8.0.dylib,
					../blocks/PCL/lib/macosx/libpcl_io.1.8.dylib,
					../blocks/PCL/lib/macosx/libpcl_io.dylib,
					../blocks/PCL/lib/macosx/libpcl_io_ply.1.8.0.dylib,
					../blocks/PCL/lib/macosx/libpcl_io_ply.1.8.dylib,
					../blocks/PCL/lib/macosx/libpcl_io_ply.dylib,
					../blocks/PCL/lib/macosx/libpcl_kdtree.1.8.0.dylib,
					../blocks/PCL/lib/macosx/libpcl_kdtree.1.8.dylib,
					../blocks/PCL/lib/macosx/libpcl_kdtree.dylib,
					../blocks/PCL/lib/macosx/libpcl_keypoints.1.8.0.dylib,
					../blocks/PCL/lib/macosx/libpcl_keypoints.1.8.dylib,
					../blocks/PCL/lib/macosx/libpcl_keypoints.dylib,
					../blocks/PCL/lib/macosx/libpcl_ml.1.8.0.dylib,
					../blocks/PCL/lib/macosx/libpcl_ml.1.8.dylib,
					../blocks/PCL/lib/macosx/libpcl_ml.dylib,
					../blocks/PCL/lib/macosx/libpcl_octree.1.8.0.dylib,
					../blocks/PCL/lib/macosx/libpcl_octree.1.8.dylib,
					../blocks/PCL/lib/macosx/libpcl_octree.dylib,
					../blocks/PCL/lib/macosx/libpcl_outofcore.1.8.0.dylib,
					../blocks/PCL/lib/macosx/libpcl_outofcore.1.8.dylib,
					../blocks/PCL/lib/macosx/libpcl_outofcore.dylib,
					../blocks/PCL/lib/macosx/libpcl_people.1.8.0.dylib,
					../blocks/PCL/lib/macosx/libpcl_people.1.8.dylib,
					../blocks/PCL/lib/macosx/libpcl_people.dylib,
					../blocks/PCL/lib/macosx/libpcl_recognition.1.8.0.dylib,
					../blocks/PCL/lib/macosx/libpcl_recognition.1.8.dylib,
					../blocks/PCL/lib/macosx/libpcl_recognition.dylib,
					../blocks/PCL/lib/macosx/libpcl_registration.1.8.0.dylib,
					../blocks/PCL/lib/macosx/libpcl_registration.1.8.dylib,
					../blocks/PCL/lib/macosx/libpcl_registration.dylib,
					../blocks/PCL/lib/macosx/libpcl_sample_consensus.1.8.0.dylib,
					../blocks/PCL/lib/macosx/libpcl_sample_consensus.1.8.dylib,
					../blocks/PCL/lib/macosx/libpcl_sample_consensus.dylib,
					../blocks/PCL/lib/macosx/libpcl_search.1.8.0.dylib,
					../blocks/PCL/lib/macosx/libpcl_search.1.8.dylib,
					../blocks/PCL/lib/macosx/libpcl_search.dylib,
					../blocks/PCL/lib/macosx/libpcl_segmentation.1.8.0.dylib,
					../blocks/PCL/lib/macosx/libpcl_segmentation.1.8.dylib,
					../blocks/PCL/lib/macosx/libpcl_segmentation.dylib,
					../blocks/PCL/lib/macosx/libpcl_stereo.1.8.0.dylib,
					../blocks/PCL/lib/macosx/libpcl_stereo.1.8.dylib,
					../blocks/PCL/lib/macosx/libpcl_stereo.dylib,
					../blocks/PCL/lib/macosx/libpcl_surface.1.8.0.dylib,
					../blocks/PCL/lib/macosx/libpcl_surface.1.8.dylib,
					../blocks/PCL/lib/macosx/libpcl_surface.dylib,
					../blocks/PCL/lib/macosx/libpcl_tracking.1.8.0.dylib,
					../blocks/PCL/lib/macosx/libpcl_tracking.1.8.dylib,
					../blocks/PCL/lib/macosx/libpcl_tracking.dylib,
					../blocks/PCL/lib/macosx/libpcl_visualization.1.8.0.dylib,
					../blocks/PCL/lib/macosx/libpcl_visualization.1.8.dylib,
					../blocks/PCL/lib/macosx/libpcl_visualization.dylib,
				);
				PRODUCT_BUNDLE_IDENTIFIER = "org.libcinder.${PRODUCT_NAME:rfc1034identifier}";
				PRODUCT_NAME = CiPointCloudViewer;
				STRIP_INSTALLED_PRODUCT = YES;
				SYMROOT = ./build;
				WRAPPER_EXTENSION = app;
			};
			name = Release;
		};
		C01FCF4F08A954540054247B /* Debug */ = {
			isa = XCBuildConfiguration;
			buildSettings = {
				ALWAYS_SEARCH_USER_PATHS = NO;
				CINDER_PATH = ../../../cinder/Cinder;
				CLANG_CXX_LANGUAGE_STANDARD = "c++11";
				CLANG_CXX_LIBRARY = "libc++";
				ENABLE_TESTABILITY = YES;
				GCC_WARN_ABOUT_RETURN_TYPE = YES;
				GCC_WARN_UNUSED_VARIABLE = YES;
				HEADER_SEARCH_PATHS = (
					"\"$(CINDER_PATH)/include\"",
					../blocks/PCL/include,
				);
				MACOSX_DEPLOYMENT_TARGET = 10.8;
				ONLY_ACTIVE_ARCH = YES;
				SDKROOT = macosx;
				USER_HEADER_SEARCH_PATHS = "\"$(CINDER_PATH)/include\" ../include ../blocks/ImGui/lib/imgui ../blocks/ImGui/include";
			};
			name = Debug;
		};
		C01FCF5008A954540054247B /* Release */ = {
			isa = XCBuildConfiguration;
			buildSettings = {
				ALWAYS_SEARCH_USER_PATHS = NO;
				CINDER_PATH = ../../../cinder/Cinder;
				CLANG_CXX_LANGUAGE_STANDARD = "c++11";
				CLANG_CXX_LIBRARY = "libc++";
				GCC_WARN_ABOUT_RETURN_TYPE = YES;
				GCC_WARN_UNUSED_VARIABLE = YES;
				HEADER_SEARCH_PATHS = (
					"\"$(CINDER_PATH)/include\"",
					../blocks/PCL/include,
				);
				MACOSX_DEPLOYMENT_TARGET = 10.8;
				SDKROOT = macosx;
				USER_HEADER_SEARCH_PATHS = "\"$(CINDER_PATH)/include\" ../include ../blocks/ImGui/lib/imgui ../blocks/ImGui/include";
			};
			name = Release;
		};
/* End XCBuildConfiguration section */

/* Begin XCConfigurationList section */
		C01FCF4A08A954540054247B /* Build configuration list for PBXNativeTarget "CiPointCloudViewer" */ = {
			isa = XCConfigurationList;
			buildConfigurations = (
				C01FCF4B08A954540054247B /* Debug */,
				C01FCF4C08A954540054247B /* Release */,
			);
			defaultConfigurationIsVisible = 0;
			defaultConfigurationName = Release;
		};
		C01FCF4E08A954540054247B /* Build configuration list for PBXProject "CiPointCloudViewer" */ = {
			isa = XCConfigurationList;
			buildConfigurations = (
				C01FCF4F08A954540054247B /* Debug */,
				C01FCF5008A954540054247B /* Release */,
			);
			defaultConfigurationIsVisible = 0;
			defaultConfigurationName = Release;
		};
/* End XCConfigurationList section */
	};
	rootObject = 29B97313FDCFA39411CA2CEA /* Project object */;
}
