// !$*UTF8*$!
{
	archiveVersion = 1;
	classes = {
	};
	objectVersion = 46;
	objects = {

/* Begin PBXBuildFile section */
		006D720419952D00008149E2 /* AVFoundation.framework in Frameworks */ = {isa = PBXBuildFile; fileRef = 006D720219952D00008149E2 /* AVFoundation.framework */; };
		006D720519952D00008149E2 /* CoreMedia.framework in Frameworks */ = {isa = PBXBuildFile; fileRef = 006D720319952D00008149E2 /* CoreMedia.framework */; };
		0091D8F90E81B9330029341E /* OpenGL.framework in Frameworks */ = {isa = PBXBuildFile; fileRef = 0091D8F80E81B9330029341E /* OpenGL.framework */; };
		00B784B30FF439BC000DE1D7 /* Accelerate.framework in Frameworks */ = {isa = PBXBuildFile; fileRef = 00B784AF0FF439BC000DE1D7 /* Accelerate.framework */; };
		00B784B40FF439BC000DE1D7 /* AudioToolbox.framework in Frameworks */ = {isa = PBXBuildFile; fileRef = 00B784B00FF439BC000DE1D7 /* AudioToolbox.framework */; };
		00B784B50FF439BC000DE1D7 /* AudioUnit.framework in Frameworks */ = {isa = PBXBuildFile; fileRef = 00B784B10FF439BC000DE1D7 /* AudioUnit.framework */; };
		00B784B60FF439BC000DE1D7 /* CoreAudio.framework in Frameworks */ = {isa = PBXBuildFile; fileRef = 00B784B20FF439BC000DE1D7 /* CoreAudio.framework */; };
		00B9955A1B128DF400A5C623 /* IOKit.framework in Frameworks */ = {isa = PBXBuildFile; fileRef = 00B995581B128DF400A5C623 /* IOKit.framework */; };
		00B9955B1B128DF400A5C623 /* IOSurface.framework in Frameworks */ = {isa = PBXBuildFile; fileRef = 00B995591B128DF400A5C623 /* IOSurface.framework */; };
		1B975EDDC20842259346852F /* CinderApp.icns in Resources */ = {isa = PBXBuildFile; fileRef = 70BF33A1FCB64EB384D5755D /* CinderApp.icns */; };
		5323E6B20EAFCA74003A9687 /* CoreVideo.framework in Frameworks */ = {isa = PBXBuildFile; fileRef = 5323E6B10EAFCA74003A9687 /* CoreVideo.framework */; };
		8D11072F0486CEB800E47090 /* Cocoa.framework in Frameworks */ = {isa = PBXBuildFile; fileRef = 1058C7A1FEA54F0111CA2CBB /* Cocoa.framework */; };
		CD97B14AD6C94D79803EA43D /* CiPcdViewerApp.cpp in Sources */ = {isa = PBXBuildFile; fileRef = B817BB5C16114E838CB031B5 /* CiPcdViewerApp.cpp */; };
/* End PBXBuildFile section */

/* Begin PBXFileReference section */
		006D720219952D00008149E2 /* AVFoundation.framework */ = {isa = PBXFileReference; lastKnownFileType = wrapper.framework; name = AVFoundation.framework; path = System/Library/Frameworks/AVFoundation.framework; sourceTree = SDKROOT; };
		006D720319952D00008149E2 /* CoreMedia.framework */ = {isa = PBXFileReference; lastKnownFileType = wrapper.framework; name = CoreMedia.framework; path = System/Library/Frameworks/CoreMedia.framework; sourceTree = SDKROOT; };
		0091D8F80E81B9330029341E /* OpenGL.framework */ = {isa = PBXFileReference; lastKnownFileType = wrapper.framework; name = OpenGL.framework; path = /System/Library/Frameworks/OpenGL.framework; sourceTree = "<absolute>"; };
		00B784AF0FF439BC000DE1D7 /* Accelerate.framework */ = {isa = PBXFileReference; lastKnownFileType = wrapper.framework; name = Accelerate.framework; path = System/Library/Frameworks/Accelerate.framework; sourceTree = SDKROOT; };
		00B784B00FF439BC000DE1D7 /* AudioToolbox.framework */ = {isa = PBXFileReference; lastKnownFileType = wrapper.framework; name = AudioToolbox.framework; path = System/Library/Frameworks/AudioToolbox.framework; sourceTree = SDKROOT; };
		00B784B10FF439BC000DE1D7 /* AudioUnit.framework */ = {isa = PBXFileReference; lastKnownFileType = wrapper.framework; name = AudioUnit.framework; path = System/Library/Frameworks/AudioUnit.framework; sourceTree = SDKROOT; };
		00B784B20FF439BC000DE1D7 /* CoreAudio.framework */ = {isa = PBXFileReference; lastKnownFileType = wrapper.framework; name = CoreAudio.framework; path = System/Library/Frameworks/CoreAudio.framework; sourceTree = SDKROOT; };
		00B995581B128DF400A5C623 /* IOKit.framework */ = {isa = PBXFileReference; lastKnownFileType = wrapper.framework; name = IOKit.framework; path = System/Library/Frameworks/IOKit.framework; sourceTree = SDKROOT; };
		00B995591B128DF400A5C623 /* IOSurface.framework */ = {isa = PBXFileReference; lastKnownFileType = wrapper.framework; name = IOSurface.framework; path = System/Library/Frameworks/IOSurface.framework; sourceTree = SDKROOT; };
		0155A9B0FB8C4B26916F9A25 /* QtAlignedMalloc */ = {isa = PBXFileReference; lastKnownFileType = "\"\""; name = QtAlignedMalloc; path = ../blocks/PCL/include/Eigen/QtAlignedMalloc; sourceTree = "<group>"; };
		03E5F691C5704B838BB95745 /* Eigen2Support */ = {isa = PBXFileReference; lastKnownFileType = "\"\""; name = Eigen2Support; path = ../blocks/PCL/include/Eigen/Eigen2Support; sourceTree = "<group>"; };
		05AA57BB78C34EB88DDDC305 /* QR */ = {isa = PBXFileReference; lastKnownFileType = "\"\""; name = QR; path = ../blocks/PCL/include/Eigen/QR; sourceTree = "<group>"; };
		0D672BAAA8824F7E8CC3389E /* Info.plist */ = {isa = PBXFileReference; lastKnownFileType = text.plist.xml; path = Info.plist; sourceTree = "<group>"; };
		1058C7A1FEA54F0111CA2CBB /* Cocoa.framework */ = {isa = PBXFileReference; lastKnownFileType = wrapper.framework; name = Cocoa.framework; path = /System/Library/Frameworks/Cocoa.framework; sourceTree = "<absolute>"; };
		112F6D5A538442C99423B574 /* SparseCore */ = {isa = PBXFileReference; lastKnownFileType = "\"\""; name = SparseCore; path = ../blocks/PCL/include/Eigen/SparseCore; sourceTree = "<group>"; };
		1C89F31AAED84CF780A2E3D4 /* Core */ = {isa = PBXFileReference; lastKnownFileType = "\"\""; name = Core; path = ../blocks/PCL/include/Eigen/Core; sourceTree = "<group>"; };
		29B97324FDCFA39411CA2CEA /* AppKit.framework */ = {isa = PBXFileReference; lastKnownFileType = wrapper.framework; name = AppKit.framework; path = /System/Library/Frameworks/AppKit.framework; sourceTree = "<absolute>"; };
		29B97325FDCFA39411CA2CEA /* Foundation.framework */ = {isa = PBXFileReference; lastKnownFileType = wrapper.framework; name = Foundation.framework; path = /System/Library/Frameworks/Foundation.framework; sourceTree = "<absolute>"; };
		2C7B257D73D94240BA8B5821 /* Eigenvalues */ = {isa = PBXFileReference; lastKnownFileType = "\"\""; name = Eigenvalues; path = ../blocks/PCL/include/Eigen/Eigenvalues; sourceTree = "<group>"; };
		2EB9123854784220AD311518 /* SparseQR */ = {isa = PBXFileReference; lastKnownFileType = "\"\""; name = SparseQR; path = ../blocks/PCL/include/Eigen/SparseQR; sourceTree = "<group>"; };
		30F7147D311F415898D7C0C2 /* UmfPackSupport */ = {isa = PBXFileReference; lastKnownFileType = "\"\""; name = UmfPackSupport; path = ../blocks/PCL/include/Eigen/UmfPackSupport; sourceTree = "<group>"; };
		31D01E744D65483C9804ED03 /* OrderingMethods */ = {isa = PBXFileReference; lastKnownFileType = "\"\""; name = OrderingMethods; path = ../blocks/PCL/include/Eigen/OrderingMethods; sourceTree = "<group>"; };
		3A2ED434386B4B9CA42C6A8E /* Sparse */ = {isa = PBXFileReference; lastKnownFileType = "\"\""; name = Sparse; path = ../blocks/PCL/include/Eigen/Sparse; sourceTree = "<group>"; };
		5323E6B10EAFCA74003A9687 /* CoreVideo.framework */ = {isa = PBXFileReference; lastKnownFileType = wrapper.framework; name = CoreVideo.framework; path = /System/Library/Frameworks/CoreVideo.framework; sourceTree = "<absolute>"; };
		5C6FE5CCB52742BCB4D8B15C /* Eigen */ = {isa = PBXFileReference; lastKnownFileType = "\"\""; name = Eigen; path = ../blocks/PCL/include/Eigen/Eigen; sourceTree = "<group>"; };
		5F232606D8F54B1DA0C16A46 /* StdDeque */ = {isa = PBXFileReference; lastKnownFileType = "\"\""; name = StdDeque; path = ../blocks/PCL/include/Eigen/StdDeque; sourceTree = "<group>"; };
		68C0CD16A3274478BEEA8AD0 /* SPQRSupport */ = {isa = PBXFileReference; lastKnownFileType = "\"\""; name = SPQRSupport; path = ../blocks/PCL/include/Eigen/SPQRSupport; sourceTree = "<group>"; };
		70BF33A1FCB64EB384D5755D /* CinderApp.icns */ = {isa = PBXFileReference; lastKnownFileType = image.icns; name = CinderApp.icns; path = ../resources/CinderApp.icns; sourceTree = "<group>"; };
		71863C36BEA14BEE824D25B6 /* SparseLU */ = {isa = PBXFileReference; lastKnownFileType = "\"\""; name = SparseLU; path = ../blocks/PCL/include/Eigen/SparseLU; sourceTree = "<group>"; };
		744F8EBC15F44CA3A2B05458 /* Array */ = {isa = PBXFileReference; lastKnownFileType = "\"\""; name = Array; path = ../blocks/PCL/include/Eigen/Array; sourceTree = "<group>"; };
		783F0BF95C5F4858926BA041 /* PardisoSupport */ = {isa = PBXFileReference; lastKnownFileType = "\"\""; name = PardisoSupport; path = ../blocks/PCL/include/Eigen/PardisoSupport; sourceTree = "<group>"; };
		7E6AAD9167754B64B3AF8ACC /* IterativeLinearSolvers */ = {isa = PBXFileReference; lastKnownFileType = "\"\""; name = IterativeLinearSolvers; path = ../blocks/PCL/include/Eigen/IterativeLinearSolvers; sourceTree = "<group>"; };
		7F50F2C89C05492D80C1BD76 /* StdList */ = {isa = PBXFileReference; lastKnownFileType = "\"\""; name = StdList; path = ../blocks/PCL/include/Eigen/StdList; sourceTree = "<group>"; };
		800A1ED6037544C6928EEEA6 /* Householder */ = {isa = PBXFileReference; lastKnownFileType = "\"\""; name = Householder; path = ../blocks/PCL/include/Eigen/Householder; sourceTree = "<group>"; };
		8D1107320486CEB800E47090 /* CiPcdViewer.app */ = {isa = PBXFileReference; explicitFileType = wrapper.application; includeInIndex = 0; path = CiPcdViewer.app; sourceTree = BUILT_PRODUCTS_DIR; };
		8EB182B8861E48768718875D /* LU */ = {isa = PBXFileReference; lastKnownFileType = "\"\""; name = LU; path = ../blocks/PCL/include/Eigen/LU; sourceTree = "<group>"; };
		93631DE6FA614A01AF751EF0 /* PaStiXSupport */ = {isa = PBXFileReference; lastKnownFileType = "\"\""; name = PaStiXSupport; path = ../blocks/PCL/include/Eigen/PaStiXSupport; sourceTree = "<group>"; };
		98DDA5B648E346D2BF3D87DE /* SVD */ = {isa = PBXFileReference; lastKnownFileType = "\"\""; name = SVD; path = ../blocks/PCL/include/Eigen/SVD; sourceTree = "<group>"; };
		A9E5371413AE41B38E9B5988 /* Jacobi */ = {isa = PBXFileReference; lastKnownFileType = "\"\""; name = Jacobi; path = ../blocks/PCL/include/Eigen/Jacobi; sourceTree = "<group>"; };
		ACAFF901516445359DC30C20 /* MetisSupport */ = {isa = PBXFileReference; lastKnownFileType = "\"\""; name = MetisSupport; path = ../blocks/PCL/include/Eigen/MetisSupport; sourceTree = "<group>"; };
		B164F8C2655340B09B6A996B /* SuperLUSupport */ = {isa = PBXFileReference; lastKnownFileType = "\"\""; name = SuperLUSupport; path = ../blocks/PCL/include/Eigen/SuperLUSupport; sourceTree = "<group>"; };
		B577C0D7728345029E1A1E53 /* SparseCholesky */ = {isa = PBXFileReference; lastKnownFileType = "\"\""; name = SparseCholesky; path = ../blocks/PCL/include/Eigen/SparseCholesky; sourceTree = "<group>"; };
		B817BB5C16114E838CB031B5 /* CiPcdViewerApp.cpp */ = {isa = PBXFileReference; lastKnownFileType = sourcecode.c.cpp; name = CiPcdViewerApp.cpp; path = ../src/CiPcdViewerApp.cpp; sourceTree = "<group>"; };
		C5CBBE0BBB4A44B2A99B791D /* StdVector */ = {isa = PBXFileReference; lastKnownFileType = "\"\""; name = StdVector; path = ../blocks/PCL/include/Eigen/StdVector; sourceTree = "<group>"; };
		C88BDB481B034C1798F1508C /* Geometry */ = {isa = PBXFileReference; lastKnownFileType = "\"\""; name = Geometry; path = ../blocks/PCL/include/Eigen/Geometry; sourceTree = "<group>"; };
		E5D1447EFF22430EBE878E01 /* Cholesky */ = {isa = PBXFileReference; lastKnownFileType = "\"\""; name = Cholesky; path = ../blocks/PCL/include/Eigen/Cholesky; sourceTree = "<group>"; };
		EA1E254A31C445A49DD37CC7 /* CiPcdViewer_Prefix.pch */ = {isa = PBXFileReference; lastKnownFileType = "\"\""; path = CiPcdViewer_Prefix.pch; sourceTree = "<group>"; };
		EBE531F7609D43F9B6C3E4EA /* Resources.h */ = {isa = PBXFileReference; lastKnownFileType = sourcecode.c.h; name = Resources.h; path = ../include/Resources.h; sourceTree = "<group>"; };
		ECAE0CD98F054AE6AB68DBC1 /* Dense */ = {isa = PBXFileReference; lastKnownFileType = "\"\""; name = Dense; path = ../blocks/PCL/include/Eigen/Dense; sourceTree = "<group>"; };
		F491AD8DB14E4EA88E20A248 /* LeastSquares */ = {isa = PBXFileReference; lastKnownFileType = "\"\""; name = LeastSquares; path = ../blocks/PCL/include/Eigen/LeastSquares; sourceTree = "<group>"; };
		FF70EC7A7DA44F3C9AF81E7F /* CholmodSupport */ = {isa = PBXFileReference; lastKnownFileType = "\"\""; name = CholmodSupport; path = ../blocks/PCL/include/Eigen/CholmodSupport; sourceTree = "<group>"; };
/* End PBXFileReference section */

/* Begin PBXFrameworksBuildPhase section */
		8D11072E0486CEB800E47090 /* Frameworks */ = {
			isa = PBXFrameworksBuildPhase;
			buildActionMask = 2147483647;
			files = (
				006D720419952D00008149E2 /* AVFoundation.framework in Frameworks */,
				006D720519952D00008149E2 /* CoreMedia.framework in Frameworks */,
				8D11072F0486CEB800E47090 /* Cocoa.framework in Frameworks */,
				0091D8F90E81B9330029341E /* OpenGL.framework in Frameworks */,
				5323E6B20EAFCA74003A9687 /* CoreVideo.framework in Frameworks */,
				00B784B30FF439BC000DE1D7 /* Accelerate.framework in Frameworks */,
				00B784B40FF439BC000DE1D7 /* AudioToolbox.framework in Frameworks */,
				00B784B50FF439BC000DE1D7 /* AudioUnit.framework in Frameworks */,
				00B784B60FF439BC000DE1D7 /* CoreAudio.framework in Frameworks */,
				00B9955A1B128DF400A5C623 /* IOKit.framework in Frameworks */,
				00B9955B1B128DF400A5C623 /* IOSurface.framework in Frameworks */,
			);
			runOnlyForDeploymentPostprocessing = 0;
		};
/* End PBXFrameworksBuildPhase section */

/* Begin PBXGroup section */
		01B97315FEAEA392516A2CEA /* Blocks */ = {
			isa = PBXGroup;
			children = (
				834A700CB1BD45BBAA064A5A /* PCL */,
			);
			name = Blocks;
			sourceTree = "<group>";
		};
		080E96DDFE201D6D7F000001 /* Source */ = {
			isa = PBXGroup;
			children = (
				B817BB5C16114E838CB031B5 /* CiPcdViewerApp.cpp */,
			);
			name = Source;
			sourceTree = "<group>";
		};
		1058C7A0FEA54F0111CA2CBB /* Linked Frameworks */ = {
			isa = PBXGroup;
			children = (
				006D720219952D00008149E2 /* AVFoundation.framework */,
				006D720319952D00008149E2 /* CoreMedia.framework */,
				00B784AF0FF439BC000DE1D7 /* Accelerate.framework */,
				00B784B00FF439BC000DE1D7 /* AudioToolbox.framework */,
				00B784B10FF439BC000DE1D7 /* AudioUnit.framework */,
				00B784B20FF439BC000DE1D7 /* CoreAudio.framework */,
				5323E6B10EAFCA74003A9687 /* CoreVideo.framework */,
				0091D8F80E81B9330029341E /* OpenGL.framework */,
				1058C7A1FEA54F0111CA2CBB /* Cocoa.framework */,
				00B995581B128DF400A5C623 /* IOKit.framework */,
				00B995591B128DF400A5C623 /* IOSurface.framework */,
			);
			name = "Linked Frameworks";
			sourceTree = "<group>";
		};
		1058C7A2FEA54F0111CA2CBB /* Other Frameworks */ = {
			isa = PBXGroup;
			children = (
				29B97324FDCFA39411CA2CEA /* AppKit.framework */,
				29B97325FDCFA39411CA2CEA /* Foundation.framework */,
			);
			name = "Other Frameworks";
			sourceTree = "<group>";
		};
		19C28FACFE9D520D11CA2CBB /* Products */ = {
			isa = PBXGroup;
			children = (
				8D1107320486CEB800E47090 /* CiPcdViewer.app */,
			);
			name = Products;
			sourceTree = "<group>";
		};
		29B97314FDCFA39411CA2CEA /* CiPcdViewer */ = {
			isa = PBXGroup;
			children = (
				01B97315FEAEA392516A2CEA /* Blocks */,
				29B97315FDCFA39411CA2CEA /* Headers */,
				080E96DDFE201D6D7F000001 /* Source */,
				29B97317FDCFA39411CA2CEA /* Resources */,
				29B97323FDCFA39411CA2CEA /* Frameworks */,
				19C28FACFE9D520D11CA2CBB /* Products */,
			);
			name = CiPcdViewer;
			sourceTree = "<group>";
		};
		29B97315FDCFA39411CA2CEA /* Headers */ = {
			isa = PBXGroup;
			children = (
				EBE531F7609D43F9B6C3E4EA /* Resources.h */,
				EA1E254A31C445A49DD37CC7 /* CiPcdViewer_Prefix.pch */,
			);
			name = Headers;
			sourceTree = "<group>";
		};
		29B97317FDCFA39411CA2CEA /* Resources */ = {
			isa = PBXGroup;
			children = (
				70BF33A1FCB64EB384D5755D /* CinderApp.icns */,
				0D672BAAA8824F7E8CC3389E /* Info.plist */,
			);
			name = Resources;
			sourceTree = "<group>";
		};
		29B97323FDCFA39411CA2CEA /* Frameworks */ = {
			isa = PBXGroup;
			children = (
				1058C7A0FEA54F0111CA2CBB /* Linked Frameworks */,
				1058C7A2FEA54F0111CA2CBB /* Other Frameworks */,
			);
			name = Frameworks;
			sourceTree = "<group>";
		};
		59F3D2BC72FA448789F5C047 /* include */ = {
			isa = PBXGroup;
			children = (
				B880F38409154EE7ABEF67A2 /* Eigen */,
			);
			name = include;
			sourceTree = "<group>";
		};
		834A700CB1BD45BBAA064A5A /* PCL */ = {
			isa = PBXGroup;
			children = (
				59F3D2BC72FA448789F5C047 /* include */,
			);
			name = PCL;
			sourceTree = "<group>";
		};
		B880F38409154EE7ABEF67A2 /* Eigen */ = {
			isa = PBXGroup;
			children = (
				744F8EBC15F44CA3A2B05458 /* Array */,
				E5D1447EFF22430EBE878E01 /* Cholesky */,
				FF70EC7A7DA44F3C9AF81E7F /* CholmodSupport */,
				1C89F31AAED84CF780A2E3D4 /* Core */,
				ECAE0CD98F054AE6AB68DBC1 /* Dense */,
				5C6FE5CCB52742BCB4D8B15C /* Eigen */,
				03E5F691C5704B838BB95745 /* Eigen2Support */,
				2C7B257D73D94240BA8B5821 /* Eigenvalues */,
				C88BDB481B034C1798F1508C /* Geometry */,
				800A1ED6037544C6928EEEA6 /* Householder */,
				7E6AAD9167754B64B3AF8ACC /* IterativeLinearSolvers */,
				A9E5371413AE41B38E9B5988 /* Jacobi */,
				F491AD8DB14E4EA88E20A248 /* LeastSquares */,
				8EB182B8861E48768718875D /* LU */,
				ACAFF901516445359DC30C20 /* MetisSupport */,
				31D01E744D65483C9804ED03 /* OrderingMethods */,
				783F0BF95C5F4858926BA041 /* PardisoSupport */,
				93631DE6FA614A01AF751EF0 /* PaStiXSupport */,
				05AA57BB78C34EB88DDDC305 /* QR */,
				0155A9B0FB8C4B26916F9A25 /* QtAlignedMalloc */,
				3A2ED434386B4B9CA42C6A8E /* Sparse */,
				B577C0D7728345029E1A1E53 /* SparseCholesky */,
				112F6D5A538442C99423B574 /* SparseCore */,
				71863C36BEA14BEE824D25B6 /* SparseLU */,
				2EB9123854784220AD311518 /* SparseQR */,
				68C0CD16A3274478BEEA8AD0 /* SPQRSupport */,
				5F232606D8F54B1DA0C16A46 /* StdDeque */,
				7F50F2C89C05492D80C1BD76 /* StdList */,
				C5CBBE0BBB4A44B2A99B791D /* StdVector */,
				B164F8C2655340B09B6A996B /* SuperLUSupport */,
				98DDA5B648E346D2BF3D87DE /* SVD */,
				30F7147D311F415898D7C0C2 /* UmfPackSupport */,
			);
			name = Eigen;
			sourceTree = "<group>";
		};
/* End PBXGroup section */

/* Begin PBXNativeTarget section */
		8D1107260486CEB800E47090 /* CiPcdViewer */ = {
			isa = PBXNativeTarget;
			buildConfigurationList = C01FCF4A08A954540054247B /* Build configuration list for PBXNativeTarget "CiPcdViewer" */;
			buildPhases = (
				8D1107290486CEB800E47090 /* Resources */,
				8D11072C0486CEB800E47090 /* Sources */,
				8D11072E0486CEB800E47090 /* Frameworks */,
			);
			buildRules = (
			);
			dependencies = (
			);
			name = CiPcdViewer;
			productInstallPath = "$(HOME)/Applications";
			productName = CiPcdViewer;
			productReference = 8D1107320486CEB800E47090 /* CiPcdViewer.app */;
			productType = "com.apple.product-type.application";
		};
/* End PBXNativeTarget section */

/* Begin PBXProject section */
		29B97313FDCFA39411CA2CEA /* Project object */ = {
			isa = PBXProject;
			attributes = {
			};
			buildConfigurationList = C01FCF4E08A954540054247B /* Build configuration list for PBXProject "CiPcdViewer" */;
			compatibilityVersion = "Xcode 3.2";
			developmentRegion = English;
			hasScannedForEncodings = 1;
			knownRegions = (
				English,
				Japanese,
				French,
				German,
			);
			mainGroup = 29B97314FDCFA39411CA2CEA /* CiPcdViewer */;
			projectDirPath = "";
			projectRoot = "";
			targets = (
				8D1107260486CEB800E47090 /* CiPcdViewer */,
			);
		};
/* End PBXProject section */

/* Begin PBXResourcesBuildPhase section */
		8D1107290486CEB800E47090 /* Resources */ = {
			isa = PBXResourcesBuildPhase;
			buildActionMask = 2147483647;
			files = (
				1B975EDDC20842259346852F /* CinderApp.icns in Resources */,
			);
			runOnlyForDeploymentPostprocessing = 0;
		};
/* End PBXResourcesBuildPhase section */

/* Begin PBXSourcesBuildPhase section */
		8D11072C0486CEB800E47090 /* Sources */ = {
			isa = PBXSourcesBuildPhase;
			buildActionMask = 2147483647;
			files = (
				CD97B14AD6C94D79803EA43D /* CiPcdViewerApp.cpp in Sources */,
			);
			runOnlyForDeploymentPostprocessing = 0;
		};
/* End PBXSourcesBuildPhase section */

/* Begin XCBuildConfiguration section */
		C01FCF4B08A954540054247B /* Debug */ = {
			isa = XCBuildConfiguration;
			buildSettings = {
				COMBINE_HIDPI_IMAGES = YES;
				COPY_PHASE_STRIP = NO;
				DEAD_CODE_STRIPPING = YES;
				GCC_DYNAMIC_NO_PIC = NO;
				GCC_INLINES_ARE_PRIVATE_EXTERN = YES;
				GCC_OPTIMIZATION_LEVEL = 0;
				GCC_PRECOMPILE_PREFIX_HEADER = YES;
				GCC_PREFIX_HEADER = CiPcdViewer_Prefix.pch;
				GCC_PREPROCESSOR_DEFINITIONS = (
					"DEBUG=1",
					"$(inherited)",
				);
				GCC_SYMBOLS_PRIVATE_EXTERN = NO;
				INFOPLIST_FILE = Info.plist;
				INSTALL_PATH = "$(HOME)/Applications";
				OTHER_LDFLAGS = (
					"\"$(CINDER_PATH)/lib/libcinder_d.a\"",
                    ../blocks/PCL/lib/macosx/libflann.1.8.4.dylib,
                    ../blocks/PCL/lib/macosx/libflann.1.8.dylib,
                    ../blocks/PCL/lib/macosx/libflann.dylib,
                    ../blocks/PCL/lib/macosx/libflann_cpp.1.8.4.dylib,
                    ../blocks/PCL/lib/macosx/libflann_cpp.1.8.dylib,
                    ../blocks/PCL/lib/macosx/libflann_cpp.dylib,
                    ../blocks/PCL/lib/macosx/libflann_cpp_s.a,
                    ../blocks/PCL/lib/macosx/libflann_s.a,
					../blocks/PCL/lib/macosx/libpcl_2d.1.8.0.dylib,
					../blocks/PCL/lib/macosx/libpcl_2d.1.8.dylib,
					../blocks/PCL/lib/macosx/libpcl_2d.dylib,
					../blocks/PCL/lib/macosx/libpcl_common.1.8.0.dylib,
					../blocks/PCL/lib/macosx/libpcl_common.1.8.dylib,
					../blocks/PCL/lib/macosx/libpcl_common.dylib,
					../blocks/PCL/lib/macosx/libpcl_features.1.8.0.dylib,
					../blocks/PCL/lib/macosx/libpcl_features.1.8.dylib,
					../blocks/PCL/lib/macosx/libpcl_features.dylib,
					../blocks/PCL/lib/macosx/libpcl_filters.1.8.0.dylib,
					../blocks/PCL/lib/macosx/libpcl_filters.1.8.dylib,
					../blocks/PCL/lib/macosx/libpcl_filters.dylib,
					../blocks/PCL/lib/macosx/libpcl_io.1.8.0.dylib,
					../blocks/PCL/lib/macosx/libpcl_io.1.8.dylib,
					../blocks/PCL/lib/macosx/libpcl_io.dylib,
					../blocks/PCL/lib/macosx/libpcl_io_ply.1.8.0.dylib,
					../blocks/PCL/lib/macosx/libpcl_io_ply.1.8.dylib,
					../blocks/PCL/lib/macosx/libpcl_io_ply.dylib,
					../blocks/PCL/lib/macosx/libpcl_kdtree.1.8.0.dylib,
					../blocks/PCL/lib/macosx/libpcl_kdtree.1.8.dylib,
					../blocks/PCL/lib/macosx/libpcl_kdtree.dylib,
					../blocks/PCL/lib/macosx/libpcl_keypoints.1.8.0.dylib,
					../blocks/PCL/lib/macosx/libpcl_keypoints.1.8.dylib,
					../blocks/PCL/lib/macosx/libpcl_keypoints.dylib,
					../blocks/PCL/lib/macosx/libpcl_ml.1.8.0.dylib,
					../blocks/PCL/lib/macosx/libpcl_ml.1.8.dylib,
					../blocks/PCL/lib/macosx/libpcl_ml.dylib,
					../blocks/PCL/lib/macosx/libpcl_octree.1.8.0.dylib,
					../blocks/PCL/lib/macosx/libpcl_octree.1.8.dylib,
					../blocks/PCL/lib/macosx/libpcl_octree.dylib,
					../blocks/PCL/lib/macosx/libpcl_outofcore.1.8.0.dylib,
					../blocks/PCL/lib/macosx/libpcl_outofcore.1.8.dylib,
					../blocks/PCL/lib/macosx/libpcl_outofcore.dylib,
					../blocks/PCL/lib/macosx/libpcl_people.1.8.0.dylib,
					../blocks/PCL/lib/macosx/libpcl_people.1.8.dylib,
					../blocks/PCL/lib/macosx/libpcl_people.dylib,
					../blocks/PCL/lib/macosx/libpcl_recognition.1.8.0.dylib,
					../blocks/PCL/lib/macosx/libpcl_recognition.1.8.dylib,
					../blocks/PCL/lib/macosx/libpcl_recognition.dylib,
					../blocks/PCL/lib/macosx/libpcl_registration.1.8.0.dylib,
					../blocks/PCL/lib/macosx/libpcl_registration.1.8.dylib,
					../blocks/PCL/lib/macosx/libpcl_registration.dylib,
					../blocks/PCL/lib/macosx/libpcl_sample_consensus.1.8.0.dylib,
					../blocks/PCL/lib/macosx/libpcl_sample_consensus.1.8.dylib,
					../blocks/PCL/lib/macosx/libpcl_sample_consensus.dylib,
					../blocks/PCL/lib/macosx/libpcl_search.1.8.0.dylib,
					../blocks/PCL/lib/macosx/libpcl_search.1.8.dylib,
					../blocks/PCL/lib/macosx/libpcl_search.dylib,
					../blocks/PCL/lib/macosx/libpcl_segmentation.1.8.0.dylib,
					../blocks/PCL/lib/macosx/libpcl_segmentation.1.8.dylib,
					../blocks/PCL/lib/macosx/libpcl_segmentation.dylib,
					../blocks/PCL/lib/macosx/libpcl_stereo.1.8.0.dylib,
					../blocks/PCL/lib/macosx/libpcl_stereo.1.8.dylib,
					../blocks/PCL/lib/macosx/libpcl_stereo.dylib,
					../blocks/PCL/lib/macosx/libpcl_surface.1.8.0.dylib,
					../blocks/PCL/lib/macosx/libpcl_surface.1.8.dylib,
					../blocks/PCL/lib/macosx/libpcl_surface.dylib,
					../blocks/PCL/lib/macosx/libpcl_tracking.1.8.0.dylib,
					../blocks/PCL/lib/macosx/libpcl_tracking.1.8.dylib,
					../blocks/PCL/lib/macosx/libpcl_tracking.dylib,
					../blocks/PCL/lib/macosx/libpcl_visualization.1.8.0.dylib,
					../blocks/PCL/lib/macosx/libpcl_visualization.1.8.dylib,
					../blocks/PCL/lib/macosx/libpcl_visualization.dylib,
				);
				PRODUCT_BUNDLE_IDENTIFIER = "org.libcinder.${PRODUCT_NAME:rfc1034identifier}";
				PRODUCT_NAME = CiPcdViewer;
				SYMROOT = ./build;
				WRAPPER_EXTENSION = app;
			};
			name = Debug;
		};
		C01FCF4C08A954540054247B /* Release */ = {
			isa = XCBuildConfiguration;
			buildSettings = {
				COMBINE_HIDPI_IMAGES = YES;
				DEAD_CODE_STRIPPING = YES;
				DEBUG_INFORMATION_FORMAT = "dwarf-with-dsym";
				GCC_FAST_MATH = YES;
				GCC_GENERATE_DEBUGGING_SYMBOLS = NO;
				GCC_INLINES_ARE_PRIVATE_EXTERN = YES;
				GCC_OPTIMIZATION_LEVEL = 3;
				GCC_PRECOMPILE_PREFIX_HEADER = YES;
				GCC_PREFIX_HEADER = CiPcdViewer_Prefix.pch;
				GCC_PREPROCESSOR_DEFINITIONS = (
					"NDEBUG=1",
					"$(inherited)",
				);
				GCC_SYMBOLS_PRIVATE_EXTERN = NO;
				INFOPLIST_FILE = Info.plist;
				INSTALL_PATH = "$(HOME)/Applications";
				OTHER_LDFLAGS = (
					"\"$(CINDER_PATH)/lib/libcinder.a\"",
                    ../blocks/PCL/lib/macosx/libflann.1.8.4.dylib,
                    ../blocks/PCL/lib/macosx/libflann.1.8.dylib,
                    ../blocks/PCL/lib/macosx/libflann.dylib,
                    ../blocks/PCL/lib/macosx/libflann_cpp.1.8.4.dylib,
                    ../blocks/PCL/lib/macosx/libflann_cpp.1.8.dylib,
                    ../blocks/PCL/lib/macosx/libflann_cpp.dylib,
                    ../blocks/PCL/lib/macosx/libflann_cpp_s.a,
                    ../blocks/PCL/lib/macosx/libflann_s.a,
					../blocks/PCL/lib/macosx/libpcl_2d.1.8.0.dylib,
					../blocks/PCL/lib/macosx/libpcl_2d.1.8.dylib,
					../blocks/PCL/lib/macosx/libpcl_2d.dylib,
					../blocks/PCL/lib/macosx/libpcl_common.1.8.0.dylib,
					../blocks/PCL/lib/macosx/libpcl_common.1.8.dylib,
					../blocks/PCL/lib/macosx/libpcl_common.dylib,
					../blocks/PCL/lib/macosx/libpcl_features.1.8.0.dylib,
					../blocks/PCL/lib/macosx/libpcl_features.1.8.dylib,
					../blocks/PCL/lib/macosx/libpcl_features.dylib,
					../blocks/PCL/lib/macosx/libpcl_filters.1.8.0.dylib,
					../blocks/PCL/lib/macosx/libpcl_filters.1.8.dylib,
					../blocks/PCL/lib/macosx/libpcl_filters.dylib,
					../blocks/PCL/lib/macosx/libpcl_io.1.8.0.dylib,
					../blocks/PCL/lib/macosx/libpcl_io.1.8.dylib,
					../blocks/PCL/lib/macosx/libpcl_io.dylib,
					../blocks/PCL/lib/macosx/libpcl_io_ply.1.8.0.dylib,
					../blocks/PCL/lib/macosx/libpcl_io_ply.1.8.dylib,
					../blocks/PCL/lib/macosx/libpcl_io_ply.dylib,
					../blocks/PCL/lib/macosx/libpcl_kdtree.1.8.0.dylib,
					../blocks/PCL/lib/macosx/libpcl_kdtree.1.8.dylib,
					../blocks/PCL/lib/macosx/libpcl_kdtree.dylib,
					../blocks/PCL/lib/macosx/libpcl_keypoints.1.8.0.dylib,
					../blocks/PCL/lib/macosx/libpcl_keypoints.1.8.dylib,
					../blocks/PCL/lib/macosx/libpcl_keypoints.dylib,
					../blocks/PCL/lib/macosx/libpcl_ml.1.8.0.dylib,
					../blocks/PCL/lib/macosx/libpcl_ml.1.8.dylib,
					../blocks/PCL/lib/macosx/libpcl_ml.dylib,
					../blocks/PCL/lib/macosx/libpcl_octree.1.8.0.dylib,
					../blocks/PCL/lib/macosx/libpcl_octree.1.8.dylib,
					../blocks/PCL/lib/macosx/libpcl_octree.dylib,
					../blocks/PCL/lib/macosx/libpcl_outofcore.1.8.0.dylib,
					../blocks/PCL/lib/macosx/libpcl_outofcore.1.8.dylib,
					../blocks/PCL/lib/macosx/libpcl_outofcore.dylib,
					../blocks/PCL/lib/macosx/libpcl_people.1.8.0.dylib,
					../blocks/PCL/lib/macosx/libpcl_people.1.8.dylib,
					../blocks/PCL/lib/macosx/libpcl_people.dylib,
					../blocks/PCL/lib/macosx/libpcl_recognition.1.8.0.dylib,
					../blocks/PCL/lib/macosx/libpcl_recognition.1.8.dylib,
					../blocks/PCL/lib/macosx/libpcl_recognition.dylib,
					../blocks/PCL/lib/macosx/libpcl_registration.1.8.0.dylib,
					../blocks/PCL/lib/macosx/libpcl_registration.1.8.dylib,
					../blocks/PCL/lib/macosx/libpcl_registration.dylib,
					../blocks/PCL/lib/macosx/libpcl_sample_consensus.1.8.0.dylib,
					../blocks/PCL/lib/macosx/libpcl_sample_consensus.1.8.dylib,
					../blocks/PCL/lib/macosx/libpcl_sample_consensus.dylib,
					../blocks/PCL/lib/macosx/libpcl_search.1.8.0.dylib,
					../blocks/PCL/lib/macosx/libpcl_search.1.8.dylib,
					../blocks/PCL/lib/macosx/libpcl_search.dylib,
					../blocks/PCL/lib/macosx/libpcl_segmentation.1.8.0.dylib,
					../blocks/PCL/lib/macosx/libpcl_segmentation.1.8.dylib,
					../blocks/PCL/lib/macosx/libpcl_segmentation.dylib,
					../blocks/PCL/lib/macosx/libpcl_stereo.1.8.0.dylib,
					../blocks/PCL/lib/macosx/libpcl_stereo.1.8.dylib,
					../blocks/PCL/lib/macosx/libpcl_stereo.dylib,
					../blocks/PCL/lib/macosx/libpcl_surface.1.8.0.dylib,
					../blocks/PCL/lib/macosx/libpcl_surface.1.8.dylib,
					../blocks/PCL/lib/macosx/libpcl_surface.dylib,
					../blocks/PCL/lib/macosx/libpcl_tracking.1.8.0.dylib,
					../blocks/PCL/lib/macosx/libpcl_tracking.1.8.dylib,
					../blocks/PCL/lib/macosx/libpcl_tracking.dylib,
					../blocks/PCL/lib/macosx/libpcl_visualization.1.8.0.dylib,
					../blocks/PCL/lib/macosx/libpcl_visualization.1.8.dylib,
					../blocks/PCL/lib/macosx/libpcl_visualization.dylib,
				);
				PRODUCT_BUNDLE_IDENTIFIER = "org.libcinder.${PRODUCT_NAME:rfc1034identifier}";
				PRODUCT_NAME = CiPcdViewer;
				STRIP_INSTALLED_PRODUCT = YES;
				SYMROOT = ./build;
				WRAPPER_EXTENSION = app;
			};
			name = Release;
		};
		C01FCF4F08A954540054247B /* Debug */ = {
			isa = XCBuildConfiguration;
			buildSettings = {
				ALWAYS_SEARCH_USER_PATHS = NO;
				CINDER_PATH = ../../../cinder/Cinder;
				CLANG_CXX_LANGUAGE_STANDARD = "c++11";
				CLANG_CXX_LIBRARY = "libc++";
				ENABLE_TESTABILITY = YES;
				GCC_WARN_ABOUT_RETURN_TYPE = YES;
				GCC_WARN_UNUSED_VARIABLE = YES;
				HEADER_SEARCH_PATHS = (
					"\"$(CINDER_PATH)/include\"",
					../blocks/PCL/include,
				);
				MACOSX_DEPLOYMENT_TARGET = 10.8;
				ONLY_ACTIVE_ARCH = YES;
				SDKROOT = macosx;
				USER_HEADER_SEARCH_PATHS = "\"$(CINDER_PATH)/include\" ../include";
			};
			name = Debug;
		};
		C01FCF5008A954540054247B /* Release */ = {
			isa = XCBuildConfiguration;
			buildSettings = {
				ALWAYS_SEARCH_USER_PATHS = NO;
				CINDER_PATH = ../../../cinder/Cinder;
				CLANG_CXX_LANGUAGE_STANDARD = "c++11";
				CLANG_CXX_LIBRARY = "libc++";
				GCC_WARN_ABOUT_RETURN_TYPE = YES;
				GCC_WARN_UNUSED_VARIABLE = YES;
				HEADER_SEARCH_PATHS = (
					"\"$(CINDER_PATH)/include\"",
					../blocks/PCL/include,
				);
				MACOSX_DEPLOYMENT_TARGET = 10.8;
				SDKROOT = macosx;
				USER_HEADER_SEARCH_PATHS = "\"$(CINDER_PATH)/include\" ../include";
			};
			name = Release;
		};
/* End XCBuildConfiguration section */

/* Begin XCConfigurationList section */
		C01FCF4A08A954540054247B /* Build configuration list for PBXNativeTarget "CiPcdViewer" */ = {
			isa = XCConfigurationList;
			buildConfigurations = (
				C01FCF4B08A954540054247B /* Debug */,
				C01FCF4C08A954540054247B /* Release */,
			);
			defaultConfigurationIsVisible = 0;
			defaultConfigurationName = Release;
		};
		C01FCF4E08A954540054247B /* Build configuration list for PBXProject "CiPcdViewer" */ = {
			isa = XCConfigurationList;
			buildConfigurations = (
				C01FCF4F08A954540054247B /* Debug */,
				C01FCF5008A954540054247B /* Release */,
			);
			defaultConfigurationIsVisible = 0;
			defaultConfigurationName = Release;
		};
/* End XCConfigurationList section */
	};
	rootObject = 29B97313FDCFA39411CA2CEA /* Project object */;
}
